// !$*UTF8*$!
{
	archiveVersion = 1;
	classes = {
	};
	objectVersion = 50;
	objects = {

/* Begin PBXBuildFile section */
		3E60E809236A1D6000076417 /* AppDelegate.swift in Sources */ = {isa = PBXBuildFile; fileRef = 3E60E808236A1D6000076417 /* AppDelegate.swift */; };
		3E60E80B236A1D6000076417 /* SceneDelegate.swift in Sources */ = {isa = PBXBuildFile; fileRef = 3E60E80A236A1D6000076417 /* SceneDelegate.swift */; };
		3E60E80D236A1D6000076417 /* ViewController.swift in Sources */ = {isa = PBXBuildFile; fileRef = 3E60E80C236A1D6000076417 /* ViewController.swift */; };
		3E60E810236A1D6000076417 /* Main.storyboard in Resources */ = {isa = PBXBuildFile; fileRef = 3E60E80E236A1D6000076417 /* Main.storyboard */; };
		3E60E812236A1D6100076417 /* Assets.xcassets in Resources */ = {isa = PBXBuildFile; fileRef = 3E60E811236A1D6100076417 /* Assets.xcassets */; };
		3E60E815236A1D6100076417 /* LaunchScreen.storyboard in Resources */ = {isa = PBXBuildFile; fileRef = 3E60E813236A1D6100076417 /* LaunchScreen.storyboard */; };
		3E60E81D236A1F7E00076417 /* Color_Guessing_Game.swift in Sources */ = {isa = PBXBuildFile; fileRef = 3E60E81C236A1F7E00076417 /* Color_Guessing_Game.swift */; };
/* End PBXBuildFile section */

/* Begin PBXFileReference section */
		3E60E805236A1D6000076417 /* Color_Guessing_Game.app */ = {isa = PBXFileReference; explicitFileType = wrapper.application; includeInIndex = 0; path = Color_Guessing_Game.app; sourceTree = BUILT_PRODUCTS_DIR; };
		3E60E808236A1D6000076417 /* AppDelegate.swift */ = {isa = PBXFileReference; lastKnownFileType = sourcecode.swift; path = AppDelegate.swift; sourceTree = "<group>"; };
		3E60E80A236A1D6000076417 /* SceneDelegate.swift */ = {isa = PBXFileReference; lastKnownFileType = sourcecode.swift; path = SceneDelegate.swift; sourceTree = "<group>"; };
		3E60E80C236A1D6000076417 /* ViewController.swift */ = {isa = PBXFileReference; lastKnownFileType = sourcecode.swift; path = ViewController.swift; sourceTree = "<group>"; };
		3E60E80F236A1D6000076417 /* Base */ = {isa = PBXFileReference; lastKnownFileType = file.storyboard; name = Base; path = Base.lproj/Main.storyboard; sourceTree = "<group>"; };
		3E60E811236A1D6100076417 /* Assets.xcassets */ = {isa = PBXFileReference; lastKnownFileType = folder.assetcatalog; path = Assets.xcassets; sourceTree = "<group>"; };
		3E60E814236A1D6100076417 /* Base */ = {isa = PBXFileReference; lastKnownFileType = file.storyboard; name = Base; path = Base.lproj/LaunchScreen.storyboard; sourceTree = "<group>"; };
		3E60E816236A1D6100076417 /* Info.plist */ = {isa = PBXFileReference; lastKnownFileType = text.plist.xml; path = Info.plist; sourceTree = "<group>"; };
		3E60E81C236A1F7E00076417 /* Color_Guessing_Game.swift */ = {isa = PBXFileReference; lastKnownFileType = sourcecode.swift; path = Color_Guessing_Game.swift; sourceTree = "<group>"; };
/* End PBXFileReference section */

/* Begin PBXFrameworksBuildPhase section */
		3E60E802236A1D6000076417 /* Frameworks */ = {
			isa = PBXFrameworksBuildPhase;
			buildActionMask = 2147483647;
			files = (
			);
			runOnlyForDeploymentPostprocessing = 0;
		};
/* End PBXFrameworksBuildPhase section */

/* Begin PBXGroup section */
		3E60E7FC236A1D6000076417 = {
			isa = PBXGroup;
			children = (
				3E60E807236A1D6000076417 /* Color_Guessing_Game */,
				3E60E806236A1D6000076417 /* Products */,
			);
			sourceTree = "<group>";
		};
		3E60E806236A1D6000076417 /* Products */ = {
			isa = PBXGroup;
			children = (
				3E60E805236A1D6000076417 /* Color_Guessing_Game.app */,
			);
			name = Products;
			sourceTree = "<group>";
		};
		3E60E807236A1D6000076417 /* Color_Guessing_Game */ = {
			isa = PBXGroup;
			children = (
				3E60E808236A1D6000076417 /* AppDelegate.swift */,
				3E60E80A236A1D6000076417 /* SceneDelegate.swift */,
				3E60E80C236A1D6000076417 /* ViewController.swift */,
				3E60E80E236A1D6000076417 /* Main.storyboard */,
				3E60E811236A1D6100076417 /* Assets.xcassets */,
				3E60E81C236A1F7E00076417 /* Color_Guessing_Game.swift */,
				3E60E813236A1D6100076417 /* LaunchScreen.storyboard */,
				3E60E816236A1D6100076417 /* Info.plist */,
			);
			path = Color_Guessing_Game;
			sourceTree = "<group>";
		};
/* End PBXGroup section */

/* Begin PBXNativeTarget section */
		3E60E804236A1D6000076417 /* Color_Guessing_Game */ = {
			isa = PBXNativeTarget;
			buildConfigurationList = 3E60E819236A1D6100076417 /* Build configuration list for PBXNativeTarget "Color_Guessing_Game" */;
			buildPhases = (
				3E60E801236A1D6000076417 /* Sources */,
				3E60E802236A1D6000076417 /* Frameworks */,
				3E60E803236A1D6000076417 /* Resources */,
			);
			buildRules = (
			);
			dependencies = (
			);
			name = Color_Guessing_Game;
			productName = Color_Guessing_Game;
			productReference = 3E60E805236A1D6000076417 /* Color_Guessing_Game.app */;
			productType = "com.apple.product-type.application";
		};
/* End PBXNativeTarget section */

/* Begin PBXProject section */
		3E60E7FD236A1D6000076417 /* Project object */ = {
			isa = PBXProject;
			attributes = {
				LastSwiftUpdateCheck = 1100;
				LastUpgradeCheck = 1100;
				ORGANIZATIONNAME = "Juan Ceballos";
				TargetAttributes = {
					3E60E804236A1D6000076417 = {
						CreatedOnToolsVersion = 11.0;
					};
				};
			};
			buildConfigurationList = 3E60E800236A1D6000076417 /* Build configuration list for PBXProject "Color_Guessing_Game" */;
			compatibilityVersion = "Xcode 9.3";
			developmentRegion = en;
			hasScannedForEncodings = 0;
			knownRegions = (
				en,
				Base,
			);
			mainGroup = 3E60E7FC236A1D6000076417;
			productRefGroup = 3E60E806236A1D6000076417 /* Products */;
			projectDirPath = "";
			projectRoot = "";
			targets = (
				3E60E804236A1D6000076417 /* Color_Guessing_Game */,
			);
		};
/* End PBXProject section */

/* Begin PBXResourcesBuildPhase section */
		3E60E803236A1D6000076417 /* Resources */ = {
			isa = PBXResourcesBuildPhase;
			buildActionMask = 2147483647;
			files = (
				3E60E815236A1D6100076417 /* LaunchScreen.storyboard in Resources */,
				3E60E812236A1D6100076417 /* Assets.xcassets in Resources */,
				3E60E810236A1D6000076417 /* Main.storyboard in Resources */,
			);
			runOnlyForDeploymentPostprocessing = 0;
		};
/* End PBXResourcesBuildPhase section */

/* Begin PBXSourcesBuildPhase section */
		3E60E801236A1D6000076417 /* Sources */ = {
			isa = PBXSourcesBuildPhase;
			buildActionMask = 2147483647;
			files = (
				3E60E81D236A1F7E00076417 /* Color_Guessing_Game.swift in Sources */,
				3E60E80D236A1D6000076417 /* ViewController.swift in Sources */,
				3E60E809236A1D6000076417 /* AppDelegate.swift in Sources */,
				3E60E80B236A1D6000076417 /* SceneDelegate.swift in Sources */,
			);
			runOnlyForDeploymentPostprocessing = 0;
		};
/* End PBXSourcesBuildPhase section */

/* Begin PBXVariantGroup section */
		3E60E80E236A1D6000076417 /* Main.storyboard */ = {
			isa = PBXVariantGroup;
			children = (
				3E60E80F236A1D6000076417 /* Base */,
			);
			name = Main.storyboard;
			sourceTree = "<group>";
		};
		3E60E813236A1D6100076417 /* LaunchScreen.storyboard */ = {
			isa = PBXVariantGroup;
			children = (
				3E60E814236A1D6100076417 /* Base */,
			);
			name = LaunchScreen.storyboard;
			sourceTree = "<group>";
		};
/* End PBXVariantGroup section */

/* Begin XCBuildConfiguration section */
		3E60E817236A1D6100076417 /* Debug */ = {
			isa = XCBuildConfiguration;
			buildSettings = {
				ALWAYS_SEARCH_USER_PATHS = NO;
				CLANG_ANALYZER_NONNULL = YES;
				CLANG_ANALYZER_NUMBER_OBJECT_CONVERSION = YES_AGGRESSIVE;
				CLANG_CXX_LANGUAGE_STANDARD = "gnu++14";
				CLANG_CXX_LIBRARY = "libc++";
				CLANG_ENABLE_MODULES = YES;
				CLANG_ENABLE_OBJC_ARC = YES;
				CLANG_ENABLE_OBJC_WEAK = YES;
				CLANG_WARN_BLOCK_CAPTURE_AUTORELEASING = YES;
				CLANG_WARN_BOOL_CONVERSION = YES;
				CLANG_WARN_COMMA = YES;
				CLANG_WARN_CONSTANT_CONVERSION = YES;
				CLANG_WARN_DEPRECATED_OBJC_IMPLEMENTATIONS = YES;
				CLANG_WARN_DIRECT_OBJC_ISA_USAGE = YES_ERROR;
				CLANG_WARN_DOCUMENTATION_COMMENTS = YES;
				CLANG_WARN_EMPTY_BODY = YES;
				CLANG_WARN_ENUM_CONVERSION = YES;
				CLANG_WARN_INFINITE_RECURSION = YES;
				CLANG_WARN_INT_CONVERSION = YES;
				CLANG_WARN_NON_LITERAL_NULL_CONVERSION = YES;
				CLANG_WARN_OBJC_IMPLICIT_RETAIN_SELF = YES;
				CLANG_WARN_OBJC_LITERAL_CONVERSION = YES;
				CLANG_WARN_OBJC_ROOT_CLASS = YES_ERROR;
				CLANG_WARN_RANGE_LOOP_ANALYSIS = YES;
				CLANG_WARN_STRICT_PROTOTYPES = YES;
				CLANG_WARN_SUSPICIOUS_MOVE = YES;
				CLANG_WARN_UNGUARDED_AVAILABILITY = YES_AGGRESSIVE;
				CLANG_WARN_UNREACHABLE_CODE = YES;
				CLANG_WARN__DUPLICATE_METHOD_MATCH = YES;
				COPY_PHASE_STRIP = NO;
				DEBUG_INFORMATION_FORMAT = dwarf;
				ENABLE_STRICT_OBJC_MSGSEND = YES;
				ENABLE_TESTABILITY = YES;
				GCC_C_LANGUAGE_STANDARD = gnu11;
				GCC_DYNAMIC_NO_PIC = NO;
				GCC_NO_COMMON_BLOCKS = YES;
				GCC_OPTIMIZATION_LEVEL = 0;
				GCC_PREPROCESSOR_DEFINITIONS = (
					"DEBUG=1",
					"$(inherited)",
				);
				GCC_WARN_64_TO_32_BIT_CONVERSION = YES;
				GCC_WARN_ABOUT_RETURN_TYPE = YES_ERROR;
				GCC_WARN_UNDECLARED_SELECTOR = YES;
				GCC_WARN_UNINITIALIZED_AUTOS = YES_AGGRESSIVE;
				GCC_WARN_UNUSED_FUNCTION = YES;
				GCC_WARN_UNUSED_VARIABLE = YES;
				IPHONEOS_DEPLOYMENT_TARGET = 13.0;
				MTL_ENABLE_DEBUG_INFO = INCLUDE_SOURCE;
				MTL_FAST_MATH = YES;
				ONLY_ACTIVE_ARCH = YES;
				SDKROOT = iphoneos;
				SWIFT_ACTIVE_COMPILATION_CONDITIONS = DEBUG;
				SWIFT_OPTIMIZATION_LEVEL = "-Onone";
			};
			name = Debug;
		};
		3E60E818236A1D6100076417 /* Release */ = {
			isa = XCBuildConfiguration;
			buildSettings = {
				ALWAYS_SEARCH_USER_PATHS = NO;
				CLANG_ANALYZER_NONNULL = YES;
				CLANG_ANALYZER_NUMBER_OBJECT_CONVERSION = YES_AGGRESSIVE;
				CLANG_CXX_LANGUAGE_STANDARD = "gnu++14";
				CLANG_CXX_LIBRARY = "libc++";
				CLANG_ENABLE_MODULES = YES;
				CLANG_ENABLE_OBJC_ARC = YES;
				CLANG_ENABLE_OBJC_WEAK = YES;
				CLANG_WARN_BLOCK_CAPTURE_AUTORELEASING = YES;
				CLANG_WARN_BOOL_CONVERSION = YES;
				CLANG_WARN_COMMA = YES;
				CLANG_WARN_CONSTANT_CONVERSION = YES;
				CLANG_WARN_DEPRECATED_OBJC_IMPLEMENTATIONS = YES;
				CLANG_WARN_DIRECT_OBJC_ISA_USAGE = YES_ERROR;
				CLANG_WARN_DOCUMENTATION_COMMENTS = YES;
				CLANG_WARN_EMPTY_BODY = YES;
				CLANG_WARN_ENUM_CONVERSION = YES;
				CLANG_WARN_INFINITE_RECURSION = YES;
				CLANG_WARN_INT_CONVERSION = YES;
				CLANG_WARN_NON_LITERAL_NULL_CONVERSION = YES;
				CLANG_WARN_OBJC_IMPLICIT_RETAIN_SELF = YES;
				CLANG_WARN_OBJC_LITERAL_CONVERSION = YES;
				CLANG_WARN_OBJC_ROOT_CLASS = YES_ERROR;
				CLANG_WARN_RANGE_LOOP_ANALYSIS = YES;
				CLANG_WARN_STRICT_PROTOTYPES = YES;
				CLANG_WARN_SUSPICIOUS_MOVE = YES;
				CLANG_WARN_UNGUARDED_AVAILABILITY = YES_AGGRESSIVE;
				CLANG_WARN_UNREACHABLE_CODE = YES;
				CLANG_WARN__DUPLICATE_METHOD_MATCH = YES;
				COPY_PHASE_STRIP = NO;
				DEBUG_INFORMATION_FORMAT = "dwarf-with-dsym";
				ENABLE_NS_ASSERTIONS = NO;
				ENABLE_STRICT_OBJC_MSGSEND = YES;
				GCC_C_LANGUAGE_STANDARD = gnu11;
				GCC_NO_COMMON_BLOCKS = YES;
				GCC_WARN_64_TO_32_BIT_CONVERSION = YES;
				GCC_WARN_ABOUT_RETURN_TYPE = YES_ERROR;
				GCC_WARN_UNDECLARED_SELECTOR = YES;
				GCC_WARN_UNINITIALIZED_AUTOS = YES_AGGRESSIVE;
				GCC_WARN_UNUSED_FUNCTION = YES;
				GCC_WARN_UNUSED_VARIABLE = YES;
				IPHONEOS_DEPLOYMENT_TARGET = 13.0;
				MTL_ENABLE_DEBUG_INFO = NO;
				MTL_FAST_MATH = YES;
				SDKROOT = iphoneos;
				SWIFT_COMPILATION_MODE = wholemodule;
				SWIFT_OPTIMIZATION_LEVEL = "-O";
				VALIDATE_PRODUCT = YES;
			};
			name = Release;
		};
		3E60E81A236A1D6100076417 /* Debug */ = {
			isa = XCBuildConfiguration;
			buildSettings = {
				ASSETCATALOG_COMPILER_APPICON_NAME = AppIcon;
				CODE_SIGN_STYLE = Automatic;
				DEVELOPMENT_TEAM = 6UA5RNM528;
				INFOPLIST_FILE = Color_Guessing_Game/Info.plist;
				LD_RUNPATH_SEARCH_PATHS = (
					"$(inherited)",
					"@executable_path/Frameworks",
				);
				PRODUCT_BUNDLE_IDENTIFIER = "org.pursuit.Color-Guessing-Game";
				PRODUCT_NAME = "$(TARGET_NAME)";
				SWIFT_VERSION = 5.0;
				TARGETED_DEVICE_FAMILY = "1,2";
			};
			name = Debug;
		};
		3E60E81B236A1D6100076417 /* Release */ = {
			isa = XCBuildConfiguration;
			buildSettings = {
				ASSETCATALOG_COMPILER_APPICON_NAME = AppIcon;
				CODE_SIGN_STYLE = Automatic;
				DEVELOPMENT_TEAM = 6UA5RNM528;
				INFOPLIST_FILE = Color_Guessing_Game/Info.plist;
				LD_RUNPATH_SEARCH_PATHS = (
					"$(inherited)",
					"@executable_path/Frameworks",
				);
				PRODUCT_BUNDLE_IDENTIFIER = "org.pursuit.Color-Guessing-Game";
				PRODUCT_NAME = "$(TARGET_NAME)";
				SWIFT_VERSION = 5.0;
				TARGETED_DEVICE_FAMILY = "1,2";
			};
			name = Release;
		};
/* End XCBuildConfiguration section */

/* Begin XCConfigurationList section */
		3E60E800236A1D6000076417 /* Build configuration list for PBXProject "Color_Guessing_Game" */ = {
			isa = XCConfigurationList;
			buildConfigurations = (
				3E60E817236A1D6100076417 /* Debug */,
				3E60E818236A1D6100076417 /* Release */,
			);
			defaultConfigurationIsVisible = 0;
			defaultConfigurationName = Release;
		};
		3E60E819236A1D6100076417 /* Build configuration list for PBXNativeTarget "Color_Guessing_Game" */ = {
			isa = XCConfigurationList;
			buildConfigurations = (
				3E60E81A236A1D6100076417 /* Debug */,
				3E60E81B236A1D6100076417 /* Release */,
			);
			defaultConfigurationIsVisible = 0;
			defaultConfigurationName = Release;
		};
/* End XCConfigurationList section */
	};
	rootObject = 3E60E7FD236A1D6000076417 /* Project object */;
}
